github.com/go-chi/chi/v5 v5.2.3 h1:WQIt9uxdsAbgIYgid+BpYc+liqQZGMHRaUwp0JUcvdE=
github.com/go-chi/chi/v5 v5.2.3/go.mod h1:L2yAIGWB3H+phAw1NxKwWM+7eUH/lU8pOMm5hHcoops=
github.com/go-chi/httplog/v3 v3.3.0 h1:Gr6Y7nSzbpyCyRwKPOVKjDH3BH6TH5uvRNDsTZWDpvU=
github.com/go-chi/httplog/v3 v3.3.0/go.mod h1:N/J1l5l1fozUrqIVuT8Z/HzNeSy8TF2EFyokPLe6y2w=
