github.com/go-chi/chi/v5 v5.2.4 h1:WtFKPHwlywe8Srng8j2BhOD9312j9cGUxG1SP4V2cR4=
github.com/go-chi/chi/v5 v5.2.4/go.mod h1:X7Gx4mteadT3eDOMTsXzmI4/rwUpOwBHLpAfupzFJP0=
github.com/go-chi/httplog/v3 v3.3.0 h1:Gr6Y7nSzbpyCyRwKPOVKjDH3BH6TH5uvRNDsTZWDpvU=
github.com/go-chi/httplog/v3 v3.3.0/go.mod h1:N/J1l5l1fozUrqIVuT8Z/HzNeSy8TF2EFyokPLe6y2w=
